
Microsoft Visual Studio Solution File, Format Version 12.00
# Visual Studio Version 17
VisualStudioVersion = 17.10.35013.160
MinimumVisualStudioVersion = 10.0.40219.1
Project("{FAE04EC0-301F-11D3-BF4B-00C04F79EFBC}") = "CapaDatos", "CapaDatos\CapaDatos.csproj", "{4052165C-BC1F-4651-80D6-4AAD7AE19404}"
EndProject
Project("{FAE04EC0-301F-11D3-BF4B-00C04F79EFBC}") = "CapaNegocio", "CapaNegocio\CapaNegocio.csproj", "{BEBD2345-44BF-448B-9046-D57268E04173}"
EndProject
Project("{FAE04EC0-301F-11D3-BF4B-00C04F79EFBC}") = "CapaEntidad", "CapaEntidad\CapaEntidad.csproj", "{9EADB4AB-764C-4F17-8941-F72B0007B2D2}"
EndProject
Project("{FAE04EC0-301F-11D3-BF4B-00C04F79EFBC}") = "CapaPresentacion", "CapaPresentacion\CapaPresentacion.csproj", "{FD57BCCC-16C7-499D-9C3D-479A3A2AD802}"
EndProject
Global
	GlobalSection(SolutionConfigurationPlatforms) = preSolution
		Debug|Any CPU = Debug|Any CPU
		Release|Any CPU = Release|Any CPU
	EndGlobalSection
	GlobalSection(ProjectConfigurationPlatforms) = postSolution
		{4052165C-BC1F-4651-80D6-4AAD7AE19404}.Debug|Any CPU.ActiveCfg = Debug|Any CPU
		{4052165C-BC1F-4651-80D6-4AAD7AE19404}.Debug|Any CPU.Build.0 = Debug|Any CPU
		{4052165C-BC1F-4651-80D6-4AAD7AE19404}.Release|Any CPU.ActiveCfg = Release|Any CPU
		{4052165C-BC1F-4651-80D6-4AAD7AE19404}.Release|Any CPU.Build.0 = Release|Any CPU
		{BEBD2345-44BF-448B-9046-D57268E04173}.Debug|Any CPU.ActiveCfg = Debug|Any CPU
		{BEBD2345-44BF-448B-9046-D57268E04173}.Debug|Any CPU.Build.0 = Debug|Any CPU
		{BEBD2345-44BF-448B-9046-D57268E04173}.Release|Any CPU.ActiveCfg = Release|Any CPU
		{BEBD2345-44BF-448B-9046-D57268E04173}.Release|Any CPU.Build.0 = Release|Any CPU
		{9EADB4AB-764C-4F17-8941-F72B0007B2D2}.Debug|Any CPU.ActiveCfg = Debug|Any CPU
		{9EADB4AB-764C-4F17-8941-F72B0007B2D2}.Debug|Any CPU.Build.0 = Debug|Any CPU
		{9EADB4AB-764C-4F17-8941-F72B0007B2D2}.Release|Any CPU.ActiveCfg = Release|Any CPU
		{9EADB4AB-764C-4F17-8941-F72B0007B2D2}.Release|Any CPU.Build.0 = Release|Any CPU
		{FD57BCCC-16C7-499D-9C3D-479A3A2AD802}.Debug|Any CPU.ActiveCfg = Debug|Any CPU
		{FD57BCCC-16C7-499D-9C3D-479A3A2AD802}.Debug|Any CPU.Build.0 = Debug|Any CPU
		{FD57BCCC-16C7-499D-9C3D-479A3A2AD802}.Release|Any CPU.ActiveCfg = Release|Any CPU
		{FD57BCCC-16C7-499D-9C3D-479A3A2AD802}.Release|Any CPU.Build.0 = Release|Any CPU
	EndGlobalSection
	GlobalSection(SolutionProperties) = preSolution
		HideSolutionNode = FALSE
	EndGlobalSection
	GlobalSection(ExtensibilityGlobals) = postSolution
		SolutionGuid = {A7FA231B-E6C8-4750-BE04-CBAC8E4B0BEF}
	EndGlobalSection
EndGlobal
